
Microsoft Visual Studio Solution File, Format Version 12.00
# Visual Studio 15
VisualStudioVersion = 15.0.27703.2026
MinimumVisualStudioVersion = 10.0.40219.1
Project("{FAE04EC0-301F-11D3-BF4B-00C04F79EFBC}") = "StringsAreEvil", "StringsAreEvil\StringsAreEvil.csproj", "{5DC3C5BC-A0BA-4624-89DB-E5B8B24DF984}"
EndProject
Global
	GlobalSection(SolutionConfigurationPlatforms) = preSolution
		Debug|Any CPU = Debug|Any CPU
		Release|Any CPU = Release|Any CPU
	EndGlobalSection
	GlobalSection(ProjectConfigurationPlatforms) = postSolution
		{5DC3C5BC-A0BA-4624-89DB-E5B8B24DF984}.Debug|Any CPU.ActiveCfg = Debug|Any CPU
		{5DC3C5BC-A0BA-4624-89DB-E5B8B24DF984}.Debug|Any CPU.Build.0 = Debug|Any CPU
		{5DC3C5BC-A0BA-4624-89DB-E5B8B24DF984}.Release|Any CPU.ActiveCfg = Release|Any CPU
		{5DC3C5BC-A0BA-4624-89DB-E5B8B24DF984}.Release|Any CPU.Build.0 = Release|Any CPU
	EndGlobalSection
	GlobalSection(SolutionProperties) = preSolution
		HideSolutionNode = FALSE
	EndGlobalSection
	GlobalSection(ExtensibilityGlobals) = postSolution
		SolutionGuid = {604744E5-FC90-4F22-8B0E-4B4C4DD135F7}
	EndGlobalSection
EndGlobal
